
Microsoft Visual Studio Solution File, Format Version 12.00
# Visual Studio 15
VisualStudioVersion = 15.0.27428.1
MinimumVisualStudioVersion = 10.0.40219.1
Project("{FAE04EC0-301F-11D3-BF4B-00C04F79EFBC}") = "Capzilla Android Application", "Capzilla Android Application\Capzilla Android Application.csproj", "{023822AB-22BA-48FA-95F5-15C11E53E9E7}"
EndProject
Global
	GlobalSection(SolutionConfigurationPlatforms) = preSolution
		Debug|Any CPU = Debug|Any CPU
		Release|Any CPU = Release|Any CPU
	EndGlobalSection
	GlobalSection(ProjectConfigurationPlatforms) = postSolution
		{023822AB-22BA-48FA-95F5-15C11E53E9E7}.Debug|Any CPU.ActiveCfg = Debug|Any CPU
		{023822AB-22BA-48FA-95F5-15C11E53E9E7}.Debug|Any CPU.Build.0 = Debug|Any CPU
		{023822AB-22BA-48FA-95F5-15C11E53E9E7}.Debug|Any CPU.Deploy.0 = Debug|Any CPU
		{023822AB-22BA-48FA-95F5-15C11E53E9E7}.Release|Any CPU.ActiveCfg = Release|Any CPU
		{023822AB-22BA-48FA-95F5-15C11E53E9E7}.Release|Any CPU.Build.0 = Release|Any CPU
		{023822AB-22BA-48FA-95F5-15C11E53E9E7}.Release|Any CPU.Deploy.0 = Release|Any CPU
	EndGlobalSection
	GlobalSection(SolutionProperties) = preSolution
		HideSolutionNode = FALSE
	EndGlobalSection
	GlobalSection(ExtensibilityGlobals) = postSolution
		SolutionGuid = {6BF4845B-46D9-4E1D-9B49-4212BA682240}
	EndGlobalSection
EndGlobal
